
Microsoft Visual Studio Solution File, Format Version 12.00
# Visual Studio Version 17
VisualStudioVersion = 17.14.36121.58
MinimumVisualStudioVersion = 10.0.40219.1
Project("{FAE04EC0-301F-11D3-BF4B-00C04F79EFBC}") = "Movie_mgt", "Movie_mgt.csproj", "{4FDB8AD2-7879-4E88-89E4-101746414A5A}"
EndProject
Project("{FAE04EC0-301F-11D3-BF4B-00C04F79EFBC}") = "Movies.Services", "..\Movies.Services\Movies.Services.csproj", "{C76E47F8-F263-4D09-8B48-EF34D440823E}"
EndProject
Project("{FAE04EC0-301F-11D3-BF4B-00C04F79EFBC}") = "Movies.DataAccess", "..\Movies.DataAccess\Movies.DataAccess.csproj", "{0247A556-5A09-4F7B-BEE9-68B7F7E41896}"
EndProject
Global
	GlobalSection(SolutionConfigurationPlatforms) = preSolution
		Debug|Any CPU = Debug|Any CPU
		Release|Any CPU = Release|Any CPU
	EndGlobalSection
	GlobalSection(ProjectConfigurationPlatforms) = postSolution
		{4FDB8AD2-7879-4E88-89E4-101746414A5A}.Debug|Any CPU.ActiveCfg = Debug|Any CPU
		{4FDB8AD2-7879-4E88-89E4-101746414A5A}.Debug|Any CPU.Build.0 = Debug|Any CPU
		{4FDB8AD2-7879-4E88-89E4-101746414A5A}.Release|Any CPU.ActiveCfg = Release|Any CPU
		{4FDB8AD2-7879-4E88-89E4-101746414A5A}.Release|Any CPU.Build.0 = Release|Any CPU
		{C76E47F8-F263-4D09-8B48-EF34D440823E}.Debug|Any CPU.ActiveCfg = Debug|Any CPU
		{C76E47F8-F263-4D09-8B48-EF34D440823E}.Debug|Any CPU.Build.0 = Debug|Any CPU
		{C76E47F8-F263-4D09-8B48-EF34D440823E}.Release|Any CPU.ActiveCfg = Release|Any CPU
		{C76E47F8-F263-4D09-8B48-EF34D440823E}.Release|Any CPU.Build.0 = Release|Any CPU
		{0247A556-5A09-4F7B-BEE9-68B7F7E41896}.Debug|Any CPU.ActiveCfg = Debug|Any CPU
		{0247A556-5A09-4F7B-BEE9-68B7F7E41896}.Debug|Any CPU.Build.0 = Debug|Any CPU
		{0247A556-5A09-4F7B-BEE9-68B7F7E41896}.Release|Any CPU.ActiveCfg = Release|Any CPU
		{0247A556-5A09-4F7B-BEE9-68B7F7E41896}.Release|Any CPU.Build.0 = Release|Any CPU
	EndGlobalSection
	GlobalSection(SolutionProperties) = preSolution
		HideSolutionNode = FALSE
	EndGlobalSection
	GlobalSection(ExtensibilityGlobals) = postSolution
		SolutionGuid = {79E8AFC4-32A1-45C8-AA2E-860A81476559}
	EndGlobalSection
EndGlobal
